<Solution>
  <Folder Name="/方案項目/">
    <File Path=".editorconfig" />
    <File Path=".gitattributes" />
    <File Path=".gitignore" />
    <File Path="AGENTS.md" />
    <File Path="CLAUDE.md" />
    <File Path="LICENSE" />
    <File Path="README.md" />
  </Folder>
  <Folder Name="/方案項目/.github/">
    <File Path=".github/copilot-instructions.md" />
  </Folder>
  <Project Path="OdfKit/OdfKit.csproj" />
  <Project Path="OdfKit.Extensions.Rendering/OdfKit.Extensions.Rendering.csproj" />
  <Project Path="OdfKit.Tests/OdfKit.Tests.csproj" />
  <Project Path="OdfKit.Tests/MockSoffice/MockSoffice.csproj" />
  <Project Path="tools/OdfSchemaGenerator/OdfSchemaGenerator.csproj" />
</Solution>
